
Microsoft Visual Studio Solution File, Format Version 12.00
# Visual Studio Version 16
VisualStudioVersion = 16.0.29215.179
MinimumVisualStudioVersion = 10.0.40219.1
Project("{FAE04EC0-301F-11D3-BF4B-00C04F79EFBC}") = "WebApp_Empty", "WebApp_Empty\WebApp_Empty.csproj", "{AE4E1915-77E2-4A29-AE73-BA93DDA098D4}"
EndProject
Global
	GlobalSection(SolutionConfigurationPlatforms) = preSolution
		Debug|Any CPU = Debug|Any CPU
		Release|Any CPU = Release|Any CPU
	EndGlobalSection
	GlobalSection(ProjectConfigurationPlatforms) = postSolution
		{AE4E1915-77E2-4A29-AE73-BA93DDA098D4}.Debug|Any CPU.ActiveCfg = Debug|Any CPU
		{AE4E1915-77E2-4A29-AE73-BA93DDA098D4}.Debug|Any CPU.Build.0 = Debug|Any CPU
		{AE4E1915-77E2-4A29-AE73-BA93DDA098D4}.Release|Any CPU.ActiveCfg = Release|Any CPU
		{AE4E1915-77E2-4A29-AE73-BA93DDA098D4}.Release|Any CPU.Build.0 = Release|Any CPU
	EndGlobalSection
	GlobalSection(SolutionProperties) = preSolution
		HideSolutionNode = FALSE
	EndGlobalSection
	GlobalSection(ExtensibilityGlobals) = postSolution
		SolutionGuid = {3BA75F1D-AB57-4335-944B-01DFDFFC7994}
	EndGlobalSection
EndGlobal
